
Microsoft Visual Studio Solution File, Format Version 12.00
# Visual Studio 14
VisualStudioVersion = 14.0.25420.1
MinimumVisualStudioVersion = 10.0.40219.1
Project("{FAE04EC0-301F-11D3-BF4B-00C04F79EFBC}") = "ADYC.Model", "ADYC.Model\ADYC.Model.csproj", "{E6BCE3C0-8408-4206-BFA6-9C225B536FB7}"
EndProject
Project("{FAE04EC0-301F-11D3-BF4B-00C04F79EFBC}") = "ADYC.Data", "ADYC.Data\ADYC.Data.csproj", "{38FEB3D2-12D4-4AA6-B16F-1C797BA66C00}"
EndProject
Project("{FAE04EC0-301F-11D3-BF4B-00C04F79EFBC}") = "ADYC.Repository", "ADYC.Repository\ADYC.Repository.csproj", "{4344DE32-6B4E-46AC-BA55-341B96905F65}"
EndProject
Project("{FAE04EC0-301F-11D3-BF4B-00C04F79EFBC}") = "ADYC.IRepository", "ADYC.IRepository\ADYC.IRepository.csproj", "{B1F58032-6592-4FC5-853B-B426DB2DE120}"
EndProject
Project("{FAE04EC0-301F-11D3-BF4B-00C04F79EFBC}") = "ADYC.Repository.UnitTests", "ADYC.Repository.Tests\ADYC.Repository.UnitTests.csproj", "{F2D485CE-903E-467F-9E7E-771B4B556989}"
EndProject
Project("{FAE04EC0-301F-11D3-BF4B-00C04F79EFBC}") = "ADYC.IService", "ADYC.IService\ADYC.IService.csproj", "{B8EF1BF2-BABF-4EA2-8F98-FF17F50E4569}"
EndProject
Project("{FAE04EC0-301F-11D3-BF4B-00C04F79EFBC}") = "ADYC.Service", "ADYC.Service\ADYC.Service.csproj", "{7D90ED45-D38E-40EC-8A6B-20C211318C98}"
EndProject
Project("{FAE04EC0-301F-11D3-BF4B-00C04F79EFBC}") = "ADYC.Service.UnitTests", "ADYC.Service.Tests\ADYC.Service.UnitTests.csproj", "{693F0089-502C-407C-B2E6-CA68A7E4A13E}"
EndProject
Project("{FAE04EC0-301F-11D3-BF4B-00C04F79EFBC}") = "ADYC.Util", "ADYC.Util\ADYC.Util.csproj", "{8BB0EC84-5C07-408D-BF7C-FC7ECF3429B0}"
EndProject
Project("{FAE04EC0-301F-11D3-BF4B-00C04F79EFBC}") = "ADYC.Repository.IntegrationTests", "ADYC.Repository.IntegrationTests\ADYC.Repository.IntegrationTests.csproj", "{57644B71-3E8C-4705-A7CB-DE82593B2305}"
EndProject
Project("{FAE04EC0-301F-11D3-BF4B-00C04F79EFBC}") = "ADYC.Service.IntegrationTests", "ADYC.Service.IntegrationTests\ADYC.Service.IntegrationTests.csproj", "{665EF04B-9DF2-43D3-AF76-35FF74B622C7}"
EndProject
Project("{FAE04EC0-301F-11D3-BF4B-00C04F79EFBC}") = "ADYC.API", "ADYC.API\ADYC.API.csproj", "{D6D4D37D-C259-4416-BFD6-E57B00410218}"
EndProject
Project("{FAE04EC0-301F-11D3-BF4B-00C04F79EFBC}") = "ADYC.API.UnitTests", "ADYC.API.UnitTests\ADYC.API.UnitTests.csproj", "{4AE09F50-C3CD-46D5-B795-B1EF1030B9BF}"
EndProject
Project("{FAE04EC0-301F-11D3-BF4B-00C04F79EFBC}") = "ADYC.WebUI", "WebUI\ADYC.WebUI\ADYC.WebUI.csproj", "{B4BCE78F-355C-47AB-84D6-2E7FAB9547CF}"
EndProject
Project("{FAE04EC0-301F-11D3-BF4B-00C04F79EFBC}") = "ADYC.WebUI.JavaScript.UnitTests", "ADYC.WebUI.JavaScript.UnitTests\ADYC.WebUI.JavaScript.UnitTests.csproj", "{D1EB7273-0972-49E1-A10F-CB868D3B7696}"
EndProject
Global
	GlobalSection(SolutionConfigurationPlatforms) = preSolution
		Debug|Any CPU = Debug|Any CPU
		Debug|x64 = Debug|x64
		Debug|x86 = Debug|x86
		Release|Any CPU = Release|Any CPU
		Release|x64 = Release|x64
		Release|x86 = Release|x86
	EndGlobalSection
	GlobalSection(ProjectConfigurationPlatforms) = postSolution
		{E6BCE3C0-8408-4206-BFA6-9C225B536FB7}.Debug|Any CPU.ActiveCfg = Debug|Any CPU
		{E6BCE3C0-8408-4206-BFA6-9C225B536FB7}.Debug|Any CPU.Build.0 = Debug|Any CPU
		{E6BCE3C0-8408-4206-BFA6-9C225B536FB7}.Debug|x64.ActiveCfg = Debug|x64
		{E6BCE3C0-8408-4206-BFA6-9C225B536FB7}.Debug|x64.Build.0 = Debug|x64
		{E6BCE3C0-8408-4206-BFA6-9C225B536FB7}.Debug|x86.ActiveCfg = Debug|x86
		{E6BCE3C0-8408-4206-BFA6-9C225B536FB7}.Debug|x86.Build.0 = Debug|x86
		{E6BCE3C0-8408-4206-BFA6-9C225B536FB7}.Release|Any CPU.ActiveCfg = Release|Any CPU
		{E6BCE3C0-8408-4206-BFA6-9C225B536FB7}.Release|Any CPU.Build.0 = Release|Any CPU
		{E6BCE3C0-8408-4206-BFA6-9C225B536FB7}.Release|x64.ActiveCfg = Release|x64
		{E6BCE3C0-8408-4206-BFA6-9C225B536FB7}.Release|x64.Build.0 = Release|x64
		{E6BCE3C0-8408-4206-BFA6-9C225B536FB7}.Release|x86.ActiveCfg = Release|x86
		{E6BCE3C0-8408-4206-BFA6-9C225B536FB7}.Release|x86.Build.0 = Release|x86
		{38FEB3D2-12D4-4AA6-B16F-1C797BA66C00}.Debug|Any CPU.ActiveCfg = Debug|Any CPU
		{38FEB3D2-12D4-4AA6-B16F-1C797BA66C00}.Debug|Any CPU.Build.0 = Debug|Any CPU
		{38FEB3D2-12D4-4AA6-B16F-1C797BA66C00}.Debug|x64.ActiveCfg = Debug|x64
		{38FEB3D2-12D4-4AA6-B16F-1C797BA66C00}.Debug|x64.Build.0 = Debug|x64
		{38FEB3D2-12D4-4AA6-B16F-1C797BA66C00}.Debug|x86.ActiveCfg = Debug|x86
		{38FEB3D2-12D4-4AA6-B16F-1C797BA66C00}.Debug|x86.Build.0 = Debug|x86
		{38FEB3D2-12D4-4AA6-B16F-1C797BA66C00}.Release|Any CPU.ActiveCfg = Release|Any CPU
		{38FEB3D2-12D4-4AA6-B16F-1C797BA66C00}.Release|Any CPU.Build.0 = Release|Any CPU
		{38FEB3D2-12D4-4AA6-B16F-1C797BA66C00}.Release|x64.ActiveCfg = Release|x64
		{38FEB3D2-12D4-4AA6-B16F-1C797BA66C00}.Release|x64.Build.0 = Release|x64
		{38FEB3D2-12D4-4AA6-B16F-1C797BA66C00}.Release|x86.ActiveCfg = Release|x86
		{38FEB3D2-12D4-4AA6-B16F-1C797BA66C00}.Release|x86.Build.0 = Release|x86
		{4344DE32-6B4E-46AC-BA55-341B96905F65}.Debug|Any CPU.ActiveCfg = Debug|Any CPU
		{4344DE32-6B4E-46AC-BA55-341B96905F65}.Debug|Any CPU.Build.0 = Debug|Any CPU
		{4344DE32-6B4E-46AC-BA55-341B96905F65}.Debug|x64.ActiveCfg = Debug|x64
		{4344DE32-6B4E-46AC-BA55-341B96905F65}.Debug|x64.Build.0 = Debug|x64
		{4344DE32-6B4E-46AC-BA55-341B96905F65}.Debug|x86.ActiveCfg = Debug|x86
		{4344DE32-6B4E-46AC-BA55-341B96905F65}.Debug|x86.Build.0 = Debug|x86
		{4344DE32-6B4E-46AC-BA55-341B96905F65}.Release|Any CPU.ActiveCfg = Release|Any CPU
		{4344DE32-6B4E-46AC-BA55-341B96905F65}.Release|Any CPU.Build.0 = Release|Any CPU
		{4344DE32-6B4E-46AC-BA55-341B96905F65}.Release|x64.ActiveCfg = Release|x64
		{4344DE32-6B4E-46AC-BA55-341B96905F65}.Release|x64.Build.0 = Release|x64
		{4344DE32-6B4E-46AC-BA55-341B96905F65}.Release|x86.ActiveCfg = Release|x86
		{4344DE32-6B4E-46AC-BA55-341B96905F65}.Release|x86.Build.0 = Release|x86
		{B1F58032-6592-4FC5-853B-B426DB2DE120}.Debug|Any CPU.ActiveCfg = Debug|Any CPU
		{B1F58032-6592-4FC5-853B-B426DB2DE120}.Debug|Any CPU.Build.0 = Debug|Any CPU
		{B1F58032-6592-4FC5-853B-B426DB2DE120}.Debug|x64.ActiveCfg = Debug|x64
		{B1F58032-6592-4FC5-853B-B426DB2DE120}.Debug|x64.Build.0 = Debug|x64
		{B1F58032-6592-4FC5-853B-B426DB2DE120}.Debug|x86.ActiveCfg = Debug|x86
		{B1F58032-6592-4FC5-853B-B426DB2DE120}.Debug|x86.Build.0 = Debug|x86
		{B1F58032-6592-4FC5-853B-B426DB2DE120}.Release|Any CPU.ActiveCfg = Release|Any CPU
		{B1F58032-6592-4FC5-853B-B426DB2DE120}.Release|Any CPU.Build.0 = Release|Any CPU
		{B1F58032-6592-4FC5-853B-B426DB2DE120}.Release|x64.ActiveCfg = Release|x64
		{B1F58032-6592-4FC5-853B-B426DB2DE120}.Release|x64.Build.0 = Release|x64
		{B1F58032-6592-4FC5-853B-B426DB2DE120}.Release|x86.ActiveCfg = Release|x86
		{B1F58032-6592-4FC5-853B-B426DB2DE120}.Release|x86.Build.0 = Release|x86
		{F2D485CE-903E-467F-9E7E-771B4B556989}.Debug|Any CPU.ActiveCfg = Debug|Any CPU
		{F2D485CE-903E-467F-9E7E-771B4B556989}.Debug|Any CPU.Build.0 = Debug|Any CPU
		{F2D485CE-903E-467F-9E7E-771B4B556989}.Debug|x64.ActiveCfg = Debug|x64
		{F2D485CE-903E-467F-9E7E-771B4B556989}.Debug|x64.Build.0 = Debug|x64
		{F2D485CE-903E-467F-9E7E-771B4B556989}.Debug|x86.ActiveCfg = Debug|x86
		{F2D485CE-903E-467F-9E7E-771B4B556989}.Debug|x86.Build.0 = Debug|x86
		{F2D485CE-903E-467F-9E7E-771B4B556989}.Release|Any CPU.ActiveCfg = Release|Any CPU
		{F2D485CE-903E-467F-9E7E-771B4B556989}.Release|Any CPU.Build.0 = Release|Any CPU
		{F2D485CE-903E-467F-9E7E-771B4B556989}.Release|x64.ActiveCfg = Release|x64
		{F2D485CE-903E-467F-9E7E-771B4B556989}.Release|x64.Build.0 = Release|x64
		{F2D485CE-903E-467F-9E7E-771B4B556989}.Release|x86.ActiveCfg = Release|x86
		{F2D485CE-903E-467F-9E7E-771B4B556989}.Release|x86.Build.0 = Release|x86
		{B8EF1BF2-BABF-4EA2-8F98-FF17F50E4569}.Debug|Any CPU.ActiveCfg = Debug|Any CPU
		{B8EF1BF2-BABF-4EA2-8F98-FF17F50E4569}.Debug|Any CPU.Build.0 = Debug|Any CPU
		{B8EF1BF2-BABF-4EA2-8F98-FF17F50E4569}.Debug|x64.ActiveCfg = Debug|x64
		{B8EF1BF2-BABF-4EA2-8F98-FF17F50E4569}.Debug|x64.Build.0 = Debug|x64
		{B8EF1BF2-BABF-4EA2-8F98-FF17F50E4569}.Debug|x86.ActiveCfg = Debug|x86
		{B8EF1BF2-BABF-4EA2-8F98-FF17F50E4569}.Debug|x86.Build.0 = Debug|x86
		{B8EF1BF2-BABF-4EA2-8F98-FF17F50E4569}.Release|Any CPU.ActiveCfg = Release|Any CPU
		{B8EF1BF2-BABF-4EA2-8F98-FF17F50E4569}.Release|Any CPU.Build.0 = Release|Any CPU
		{B8EF1BF2-BABF-4EA2-8F98-FF17F50E4569}.Release|x64.ActiveCfg = Release|x64
		{B8EF1BF2-BABF-4EA2-8F98-FF17F50E4569}.Release|x64.Build.0 = Release|x64
		{B8EF1BF2-BABF-4EA2-8F98-FF17F50E4569}.Release|x86.ActiveCfg = Release|x86
		{B8EF1BF2-BABF-4EA2-8F98-FF17F50E4569}.Release|x86.Build.0 = Release|x86
		{7D90ED45-D38E-40EC-8A6B-20C211318C98}.Debug|Any CPU.ActiveCfg = Debug|Any CPU
		{7D90ED45-D38E-40EC-8A6B-20C211318C98}.Debug|Any CPU.Build.0 = Debug|Any CPU
		{7D90ED45-D38E-40EC-8A6B-20C211318C98}.Debug|x64.ActiveCfg = Debug|x64
		{7D90ED45-D38E-40EC-8A6B-20C211318C98}.Debug|x64.Build.0 = Debug|x64
		{7D90ED45-D38E-40EC-8A6B-20C211318C98}.Debug|x86.ActiveCfg = Debug|x86
		{7D90ED45-D38E-40EC-8A6B-20C211318C98}.Debug|x86.Build.0 = Debug|x86
		{7D90ED45-D38E-40EC-8A6B-20C211318C98}.Release|Any CPU.ActiveCfg = Release|Any CPU
		{7D90ED45-D38E-40EC-8A6B-20C211318C98}.Release|Any CPU.Build.0 = Release|Any CPU
		{7D90ED45-D38E-40EC-8A6B-20C211318C98}.Release|x64.ActiveCfg = Release|x64
		{7D90ED45-D38E-40EC-8A6B-20C211318C98}.Release|x64.Build.0 = Release|x64
		{7D90ED45-D38E-40EC-8A6B-20C211318C98}.Release|x86.ActiveCfg = Release|x86
		{7D90ED45-D38E-40EC-8A6B-20C211318C98}.Release|x86.Build.0 = Release|x86
		{693F0089-502C-407C-B2E6-CA68A7E4A13E}.Debug|Any CPU.ActiveCfg = Debug|Any CPU
		{693F0089-502C-407C-B2E6-CA68A7E4A13E}.Debug|Any CPU.Build.0 = Debug|Any CPU
		{693F0089-502C-407C-B2E6-CA68A7E4A13E}.Debug|x64.ActiveCfg = Debug|x64
		{693F0089-502C-407C-B2E6-CA68A7E4A13E}.Debug|x64.Build.0 = Debug|x64
		{693F0089-502C-407C-B2E6-CA68A7E4A13E}.Debug|x86.ActiveCfg = Debug|x86
		{693F0089-502C-407C-B2E6-CA68A7E4A13E}.Debug|x86.Build.0 = Debug|x86
		{693F0089-502C-407C-B2E6-CA68A7E4A13E}.Release|Any CPU.ActiveCfg = Release|Any CPU
		{693F0089-502C-407C-B2E6-CA68A7E4A13E}.Release|Any CPU.Build.0 = Release|Any CPU
		{693F0089-502C-407C-B2E6-CA68A7E4A13E}.Release|x64.ActiveCfg = Release|x64
		{693F0089-502C-407C-B2E6-CA68A7E4A13E}.Release|x64.Build.0 = Release|x64
		{693F0089-502C-407C-B2E6-CA68A7E4A13E}.Release|x86.ActiveCfg = Release|x86
		{693F0089-502C-407C-B2E6-CA68A7E4A13E}.Release|x86.Build.0 = Release|x86
		{8BB0EC84-5C07-408D-BF7C-FC7ECF3429B0}.Debug|Any CPU.ActiveCfg = Debug|Any CPU
		{8BB0EC84-5C07-408D-BF7C-FC7ECF3429B0}.Debug|Any CPU.Build.0 = Debug|Any CPU
		{8BB0EC84-5C07-408D-BF7C-FC7ECF3429B0}.Debug|x64.ActiveCfg = Debug|x64
		{8BB0EC84-5C07-408D-BF7C-FC7ECF3429B0}.Debug|x64.Build.0 = Debug|x64
		{8BB0EC84-5C07-408D-BF7C-FC7ECF3429B0}.Debug|x86.ActiveCfg = Debug|x86
		{8BB0EC84-5C07-408D-BF7C-FC7ECF3429B0}.Debug|x86.Build.0 = Debug|x86
		{8BB0EC84-5C07-408D-BF7C-FC7ECF3429B0}.Release|Any CPU.ActiveCfg = Release|Any CPU
		{8BB0EC84-5C07-408D-BF7C-FC7ECF3429B0}.Release|Any CPU.Build.0 = Release|Any CPU
		{8BB0EC84-5C07-408D-BF7C-FC7ECF3429B0}.Release|x64.ActiveCfg = Release|x64
		{8BB0EC84-5C07-408D-BF7C-FC7ECF3429B0}.Release|x64.Build.0 = Release|x64
		{8BB0EC84-5C07-408D-BF7C-FC7ECF3429B0}.Release|x86.ActiveCfg = Release|x86
		{8BB0EC84-5C07-408D-BF7C-FC7ECF3429B0}.Release|x86.Build.0 = Release|x86
		{57644B71-3E8C-4705-A7CB-DE82593B2305}.Debug|Any CPU.ActiveCfg = Debug|Any CPU
		{57644B71-3E8C-4705-A7CB-DE82593B2305}.Debug|Any CPU.Build.0 = Debug|Any CPU
		{57644B71-3E8C-4705-A7CB-DE82593B2305}.Debug|x64.ActiveCfg = Debug|x64
		{57644B71-3E8C-4705-A7CB-DE82593B2305}.Debug|x64.Build.0 = Debug|x64
		{57644B71-3E8C-4705-A7CB-DE82593B2305}.Debug|x86.ActiveCfg = Debug|x86
		{57644B71-3E8C-4705-A7CB-DE82593B2305}.Debug|x86.Build.0 = Debug|x86
		{57644B71-3E8C-4705-A7CB-DE82593B2305}.Release|Any CPU.ActiveCfg = Release|Any CPU
		{57644B71-3E8C-4705-A7CB-DE82593B2305}.Release|Any CPU.Build.0 = Release|Any CPU
		{57644B71-3E8C-4705-A7CB-DE82593B2305}.Release|x64.ActiveCfg = Release|x64
		{57644B71-3E8C-4705-A7CB-DE82593B2305}.Release|x64.Build.0 = Release|x64
		{57644B71-3E8C-4705-A7CB-DE82593B2305}.Release|x86.ActiveCfg = Release|x86
		{57644B71-3E8C-4705-A7CB-DE82593B2305}.Release|x86.Build.0 = Release|x86
		{665EF04B-9DF2-43D3-AF76-35FF74B622C7}.Debug|Any CPU.ActiveCfg = Debug|Any CPU
		{665EF04B-9DF2-43D3-AF76-35FF74B622C7}.Debug|Any CPU.Build.0 = Debug|Any CPU
		{665EF04B-9DF2-43D3-AF76-35FF74B622C7}.Debug|x64.ActiveCfg = Debug|x64
		{665EF04B-9DF2-43D3-AF76-35FF74B622C7}.Debug|x64.Build.0 = Debug|x64
		{665EF04B-9DF2-43D3-AF76-35FF74B622C7}.Debug|x86.ActiveCfg = Debug|x86
		{665EF04B-9DF2-43D3-AF76-35FF74B622C7}.Debug|x86.Build.0 = Debug|x86
		{665EF04B-9DF2-43D3-AF76-35FF74B622C7}.Release|Any CPU.ActiveCfg = Release|Any CPU
		{665EF04B-9DF2-43D3-AF76-35FF74B622C7}.Release|Any CPU.Build.0 = Release|Any CPU
		{665EF04B-9DF2-43D3-AF76-35FF74B622C7}.Release|x64.ActiveCfg = Release|x64
		{665EF04B-9DF2-43D3-AF76-35FF74B622C7}.Release|x64.Build.0 = Release|x64
		{665EF04B-9DF2-43D3-AF76-35FF74B622C7}.Release|x86.ActiveCfg = Release|x86
		{665EF04B-9DF2-43D3-AF76-35FF74B622C7}.Release|x86.Build.0 = Release|x86
		{D6D4D37D-C259-4416-BFD6-E57B00410218}.Debug|Any CPU.ActiveCfg = Debug|Any CPU
		{D6D4D37D-C259-4416-BFD6-E57B00410218}.Debug|Any CPU.Build.0 = Debug|Any CPU
		{D6D4D37D-C259-4416-BFD6-E57B00410218}.Debug|x64.ActiveCfg = Debug|x64
		{D6D4D37D-C259-4416-BFD6-E57B00410218}.Debug|x64.Build.0 = Debug|x64
		{D6D4D37D-C259-4416-BFD6-E57B00410218}.Debug|x86.ActiveCfg = Debug|x86
		{D6D4D37D-C259-4416-BFD6-E57B00410218}.Debug|x86.Build.0 = Debug|x86
		{D6D4D37D-C259-4416-BFD6-E57B00410218}.Release|Any CPU.ActiveCfg = Release|Any CPU
		{D6D4D37D-C259-4416-BFD6-E57B00410218}.Release|Any CPU.Build.0 = Release|Any CPU
		{D6D4D37D-C259-4416-BFD6-E57B00410218}.Release|x64.ActiveCfg = Release|x64
		{D6D4D37D-C259-4416-BFD6-E57B00410218}.Release|x64.Build.0 = Release|x64
		{D6D4D37D-C259-4416-BFD6-E57B00410218}.Release|x86.ActiveCfg = Release|x86
		{D6D4D37D-C259-4416-BFD6-E57B00410218}.Release|x86.Build.0 = Release|x86
		{4AE09F50-C3CD-46D5-B795-B1EF1030B9BF}.Debug|Any CPU.ActiveCfg = Debug|Any CPU
		{4AE09F50-C3CD-46D5-B795-B1EF1030B9BF}.Debug|Any CPU.Build.0 = Debug|Any CPU
		{4AE09F50-C3CD-46D5-B795-B1EF1030B9BF}.Debug|x64.ActiveCfg = Debug|x64
		{4AE09F50-C3CD-46D5-B795-B1EF1030B9BF}.Debug|x64.Build.0 = Debug|x64
		{4AE09F50-C3CD-46D5-B795-B1EF1030B9BF}.Debug|x86.ActiveCfg = Debug|x86
		{4AE09F50-C3CD-46D5-B795-B1EF1030B9BF}.Debug|x86.Build.0 = Debug|x86
		{4AE09F50-C3CD-46D5-B795-B1EF1030B9BF}.Release|Any CPU.ActiveCfg = Release|Any CPU
		{4AE09F50-C3CD-46D5-B795-B1EF1030B9BF}.Release|Any CPU.Build.0 = Release|Any CPU
		{4AE09F50-C3CD-46D5-B795-B1EF1030B9BF}.Release|x64.ActiveCfg = Release|x64
		{4AE09F50-C3CD-46D5-B795-B1EF1030B9BF}.Release|x64.Build.0 = Release|x64
		{4AE09F50-C3CD-46D5-B795-B1EF1030B9BF}.Release|x86.ActiveCfg = Release|x86
		{4AE09F50-C3CD-46D5-B795-B1EF1030B9BF}.Release|x86.Build.0 = Release|x86
		{B4BCE78F-355C-47AB-84D6-2E7FAB9547CF}.Debug|Any CPU.ActiveCfg = Debug|Any CPU
		{B4BCE78F-355C-47AB-84D6-2E7FAB9547CF}.Debug|Any CPU.Build.0 = Debug|Any CPU
		{B4BCE78F-355C-47AB-84D6-2E7FAB9547CF}.Debug|x64.ActiveCfg = Debug|Any CPU
		{B4BCE78F-355C-47AB-84D6-2E7FAB9547CF}.Debug|x64.Build.0 = Debug|Any CPU
		{B4BCE78F-355C-47AB-84D6-2E7FAB9547CF}.Debug|x86.ActiveCfg = Debug|Any CPU
		{B4BCE78F-355C-47AB-84D6-2E7FAB9547CF}.Debug|x86.Build.0 = Debug|Any CPU
		{B4BCE78F-355C-47AB-84D6-2E7FAB9547CF}.Release|Any CPU.ActiveCfg = Release|Any CPU
		{B4BCE78F-355C-47AB-84D6-2E7FAB9547CF}.Release|Any CPU.Build.0 = Release|Any CPU
		{B4BCE78F-355C-47AB-84D6-2E7FAB9547CF}.Release|x64.ActiveCfg = Release|Any CPU
		{B4BCE78F-355C-47AB-84D6-2E7FAB9547CF}.Release|x64.Build.0 = Release|Any CPU
		{B4BCE78F-355C-47AB-84D6-2E7FAB9547CF}.Release|x86.ActiveCfg = Release|Any CPU
		{B4BCE78F-355C-47AB-84D6-2E7FAB9547CF}.Release|x86.Build.0 = Release|Any CPU
		{D1EB7273-0972-49E1-A10F-CB868D3B7696}.Debug|Any CPU.ActiveCfg = Debug|Any CPU
		{D1EB7273-0972-49E1-A10F-CB868D3B7696}.Debug|Any CPU.Build.0 = Debug|Any CPU
		{D1EB7273-0972-49E1-A10F-CB868D3B7696}.Debug|x64.ActiveCfg = Debug|Any CPU
		{D1EB7273-0972-49E1-A10F-CB868D3B7696}.Debug|x64.Build.0 = Debug|Any CPU
		{D1EB7273-0972-49E1-A10F-CB868D3B7696}.Debug|x86.ActiveCfg = Debug|Any CPU
		{D1EB7273-0972-49E1-A10F-CB868D3B7696}.Debug|x86.Build.0 = Debug|Any CPU
		{D1EB7273-0972-49E1-A10F-CB868D3B7696}.Release|Any CPU.ActiveCfg = Release|Any CPU
		{D1EB7273-0972-49E1-A10F-CB868D3B7696}.Release|Any CPU.Build.0 = Release|Any CPU
		{D1EB7273-0972-49E1-A10F-CB868D3B7696}.Release|x64.ActiveCfg = Release|Any CPU
		{D1EB7273-0972-49E1-A10F-CB868D3B7696}.Release|x64.Build.0 = Release|Any CPU
		{D1EB7273-0972-49E1-A10F-CB868D3B7696}.Release|x86.ActiveCfg = Release|Any CPU
		{D1EB7273-0972-49E1-A10F-CB868D3B7696}.Release|x86.Build.0 = Release|Any CPU
	EndGlobalSection
	GlobalSection(SolutionProperties) = preSolution
		HideSolutionNode = FALSE
	EndGlobalSection
EndGlobal
