
Microsoft Visual Studio Solution File, Format Version 12.00
# Visual Studio 14
VisualStudioVersion = 14.0.25420.1
MinimumVisualStudioVersion = 10.0.40219.1
Project("{FAE04EC0-301F-11D3-BF4B-00C04F79EFBC}") = "ADYC.Model", "ADYC.Model\ADYC.Model.csproj", "{E6BCE3C0-8408-4206-BFA6-9C225B536FB7}"
EndProject
Project("{FAE04EC0-301F-11D3-BF4B-00C04F79EFBC}") = "ADYC.Data", "ADYC.Data\ADYC.Data.csproj", "{38FEB3D2-12D4-4AA6-B16F-1C797BA66C00}"
EndProject
Project("{FAE04EC0-301F-11D3-BF4B-00C04F79EFBC}") = "ADYC.Repository", "ADYC.Repository\ADYC.Repository.csproj", "{4344DE32-6B4E-46AC-BA55-341B96905F65}"
EndProject
Project("{FAE04EC0-301F-11D3-BF4B-00C04F79EFBC}") = "ADYC.IRepository", "ADYC.IRepository\ADYC.IRepository.csproj", "{B1F58032-6592-4FC5-853B-B426DB2DE120}"
EndProject
Project("{FAE04EC0-301F-11D3-BF4B-00C04F79EFBC}") = "ADYC.Repository.Tests", "ADYC.Repository.Tests\ADYC.Repository.Tests.csproj", "{F2D485CE-903E-467F-9E7E-771B4B556989}"
EndProject
Project("{FAE04EC0-301F-11D3-BF4B-00C04F79EFBC}") = "ADYC.IService", "ADYC.IService\ADYC.IService.csproj", "{B8EF1BF2-BABF-4EA2-8F98-FF17F50E4569}"
EndProject
Project("{FAE04EC0-301F-11D3-BF4B-00C04F79EFBC}") = "ADYC.Service", "ADYC.Service\ADYC.Service.csproj", "{7D90ED45-D38E-40EC-8A6B-20C211318C98}"
EndProject
Project("{FAE04EC0-301F-11D3-BF4B-00C04F79EFBC}") = "ADYC.Service.Tests", "ADYC.Service.Tests\ADYC.Service.Tests.csproj", "{693F0089-502C-407C-B2E6-CA68A7E4A13E}"
EndProject
Project("{FAE04EC0-301F-11D3-BF4B-00C04F79EFBC}") = "ADYC.Util", "ADYC.Util\ADYC.Util.csproj", "{8BB0EC84-5C07-408D-BF7C-FC7ECF3429B0}"
EndProject
Global
	GlobalSection(SolutionConfigurationPlatforms) = preSolution
		Debug|Any CPU = Debug|Any CPU
		Release|Any CPU = Release|Any CPU
	EndGlobalSection
	GlobalSection(ProjectConfigurationPlatforms) = postSolution
		{E6BCE3C0-8408-4206-BFA6-9C225B536FB7}.Debug|Any CPU.ActiveCfg = Debug|Any CPU
		{E6BCE3C0-8408-4206-BFA6-9C225B536FB7}.Debug|Any CPU.Build.0 = Debug|Any CPU
		{E6BCE3C0-8408-4206-BFA6-9C225B536FB7}.Release|Any CPU.ActiveCfg = Release|Any CPU
		{E6BCE3C0-8408-4206-BFA6-9C225B536FB7}.Release|Any CPU.Build.0 = Release|Any CPU
		{38FEB3D2-12D4-4AA6-B16F-1C797BA66C00}.Debug|Any CPU.ActiveCfg = Debug|Any CPU
		{38FEB3D2-12D4-4AA6-B16F-1C797BA66C00}.Debug|Any CPU.Build.0 = Debug|Any CPU
		{38FEB3D2-12D4-4AA6-B16F-1C797BA66C00}.Release|Any CPU.ActiveCfg = Release|Any CPU
		{38FEB3D2-12D4-4AA6-B16F-1C797BA66C00}.Release|Any CPU.Build.0 = Release|Any CPU
		{4344DE32-6B4E-46AC-BA55-341B96905F65}.Debug|Any CPU.ActiveCfg = Debug|Any CPU
		{4344DE32-6B4E-46AC-BA55-341B96905F65}.Debug|Any CPU.Build.0 = Debug|Any CPU
		{4344DE32-6B4E-46AC-BA55-341B96905F65}.Release|Any CPU.ActiveCfg = Release|Any CPU
		{4344DE32-6B4E-46AC-BA55-341B96905F65}.Release|Any CPU.Build.0 = Release|Any CPU
		{B1F58032-6592-4FC5-853B-B426DB2DE120}.Debug|Any CPU.ActiveCfg = Debug|Any CPU
		{B1F58032-6592-4FC5-853B-B426DB2DE120}.Debug|Any CPU.Build.0 = Debug|Any CPU
		{B1F58032-6592-4FC5-853B-B426DB2DE120}.Release|Any CPU.ActiveCfg = Release|Any CPU
		{B1F58032-6592-4FC5-853B-B426DB2DE120}.Release|Any CPU.Build.0 = Release|Any CPU
		{F2D485CE-903E-467F-9E7E-771B4B556989}.Debug|Any CPU.ActiveCfg = Debug|Any CPU
		{F2D485CE-903E-467F-9E7E-771B4B556989}.Debug|Any CPU.Build.0 = Debug|Any CPU
		{F2D485CE-903E-467F-9E7E-771B4B556989}.Release|Any CPU.ActiveCfg = Release|Any CPU
		{F2D485CE-903E-467F-9E7E-771B4B556989}.Release|Any CPU.Build.0 = Release|Any CPU
		{B8EF1BF2-BABF-4EA2-8F98-FF17F50E4569}.Debug|Any CPU.ActiveCfg = Debug|Any CPU
		{B8EF1BF2-BABF-4EA2-8F98-FF17F50E4569}.Debug|Any CPU.Build.0 = Debug|Any CPU
		{B8EF1BF2-BABF-4EA2-8F98-FF17F50E4569}.Release|Any CPU.ActiveCfg = Release|Any CPU
		{B8EF1BF2-BABF-4EA2-8F98-FF17F50E4569}.Release|Any CPU.Build.0 = Release|Any CPU
		{7D90ED45-D38E-40EC-8A6B-20C211318C98}.Debug|Any CPU.ActiveCfg = Debug|Any CPU
		{7D90ED45-D38E-40EC-8A6B-20C211318C98}.Debug|Any CPU.Build.0 = Debug|Any CPU
		{7D90ED45-D38E-40EC-8A6B-20C211318C98}.Release|Any CPU.ActiveCfg = Release|Any CPU
		{7D90ED45-D38E-40EC-8A6B-20C211318C98}.Release|Any CPU.Build.0 = Release|Any CPU
		{693F0089-502C-407C-B2E6-CA68A7E4A13E}.Debug|Any CPU.ActiveCfg = Debug|Any CPU
		{693F0089-502C-407C-B2E6-CA68A7E4A13E}.Debug|Any CPU.Build.0 = Debug|Any CPU
		{693F0089-502C-407C-B2E6-CA68A7E4A13E}.Release|Any CPU.ActiveCfg = Release|Any CPU
		{693F0089-502C-407C-B2E6-CA68A7E4A13E}.Release|Any CPU.Build.0 = Release|Any CPU
		{8BB0EC84-5C07-408D-BF7C-FC7ECF3429B0}.Debug|Any CPU.ActiveCfg = Debug|Any CPU
		{8BB0EC84-5C07-408D-BF7C-FC7ECF3429B0}.Debug|Any CPU.Build.0 = Debug|Any CPU
		{8BB0EC84-5C07-408D-BF7C-FC7ECF3429B0}.Release|Any CPU.ActiveCfg = Release|Any CPU
		{8BB0EC84-5C07-408D-BF7C-FC7ECF3429B0}.Release|Any CPU.Build.0 = Release|Any CPU
	EndGlobalSection
	GlobalSection(SolutionProperties) = preSolution
		HideSolutionNode = FALSE
	EndGlobalSection
EndGlobal
